
Microsoft Visual Studio Solution File, Format Version 12.00
# Visual Studio Version 17
VisualStudioVersion = 17.2.32526.322
MinimumVisualStudioVersion = 10.0.40219.1
Project("{FAE04EC0-301F-11D3-BF4B-00C04F79EFBC}") = "App", "App\App.csproj", "{2372169D-D13D-481F-B379-20AE00688FE1}"
EndProject
Project("{2150E333-8FDC-42A3-9474-1A3956D46DE8}") = "Solution Items", "Solution Items", "{9AA5BE2F-179F-42E2-A155-0C9A6A114C52}"
	ProjectSection(SolutionItems) = preProject
		.editorconfig = .editorconfig
	EndProjectSection
EndProject
Global
	GlobalSection(SolutionConfigurationPlatforms) = preSolution
		Debug|Any CPU = Debug|Any CPU
		Release|Any CPU = Release|Any CPU
	EndGlobalSection
	GlobalSection(ProjectConfigurationPlatforms) = postSolution
		{2372169D-D13D-481F-B379-20AE00688FE1}.Debug|Any CPU.ActiveCfg = Debug|Any CPU
		{2372169D-D13D-481F-B379-20AE00688FE1}.Debug|Any CPU.Build.0 = Debug|Any CPU
		{2372169D-D13D-481F-B379-20AE00688FE1}.Release|Any CPU.ActiveCfg = Release|Any CPU
		{2372169D-D13D-481F-B379-20AE00688FE1}.Release|Any CPU.Build.0 = Release|Any CPU
	EndGlobalSection
	GlobalSection(SolutionProperties) = preSolution
		HideSolutionNode = FALSE
	EndGlobalSection
	GlobalSection(ExtensibilityGlobals) = postSolution
		SolutionGuid = {16E6E47D-58BA-43A9-8E23-764FF8DFE056}
	EndGlobalSection
EndGlobal
